<?xml version="1.0" encoding="utf-8"?>
<Project ToolsVersion="4.0" xmlns="http://schemas.microsoft.com/developer/msbuild/2003">
  <ItemGroup>
    <Filter Include="Source Files">
      <UniqueIdentifier>{06778bbf-c0e7-4be8-b3c7-7024fc226bb7}</UniqueIdentifier>
      <Extensions>cpp;c;cxx;rc;def;r;odl;idl;hpj;bat</Extensions>
    </Filter>
    <Filter Include="Header Files">
      <UniqueIdentifier>{2312c138-e508-499f-9b7a-5ebb23ef2941}</UniqueIdentifier>
      <Extensions>h;hpp;hxx;hm;inl</Extensions>
    </Filter>
    <Filter Include="Resource Files">
      <UniqueIdentifier>{e7dfbce6-cf3e-414c-a820-b47866e66fbf}</UniqueIdentifier>
      <Extensions>ico;cur;bmp;dlg;rc2;rct;bin;rgs;gif;jpg;jpeg;jpe</Extensions>
    </Filter>
  </ItemGroup>
  <ItemGroup>
    <ClCompile Include="AboutDlg.cpp">
      <Filter>Source Files</Filter>
    </ClCompile>
    <ClCompile Include="Configuration.cpp">
      <Filter>Source Files</Filter>
    </ClCompile>
    <ClCompile Include="Debug.cpp">
      <Filter>Source Files</Filter>
    </ClCompile>
    <ClCompile Include="DialogPassword.cpp">
      <Filter>Source Files</Filter>
    </ClCompile>
    <ClCompile Include="FTTSP.cpp">
      <Filter>Source Files</Filter>
    </ClCompile>
    <ClCompile Include="FTTSPCmdLineInfo.cpp">
      <Filter>Source Files</Filter>
    </ClCompile>
    <ClCompile Include="FTTSPDlg.cpp">
      <Filter>Source Files</Filter>
    </ClCompile>
    <ClCompile Include="FTTSPMainWindow.cpp">
      <Filter>Source Files</Filter>
    </ClCompile>
    <ClCompile Include="GTUI.cpp">
      <Filter>Source Files</Filter>
    </ClCompile>
    <ClCompile Include="Handler.cpp">
      <Filter>Source Files</Filter>
    </ClCompile>
    <ClCompile Include="HDUI.cpp">
      <Filter>Source Files</Filter>
    </ClCompile>
    <ClCompile Include="J800TX.cpp">
      <Filter>Source Files</Filter>
    </ClCompile>
    <ClCompile Include="LoadProgram.cpp">
      <Filter>Source Files</Filter>
    </ClCompile>
    <ClCompile Include="MapCod.cpp">
      <Filter>Source Files</Filter>
    </ClCompile>
    <ClCompile Include="Phoenix.cpp">
      <Filter>Source Files</Filter>
    </ClCompile>
    <ClCompile Include="PTUI.cpp">
      <Filter>Source Files</Filter>
    </ClCompile>
    <ClCompile Include="RTM.cpp">
      <Filter>Source Files</Filter>
    </ClCompile>
    <ClCompile Include="Session.cpp">
      <Filter>Source Files</Filter>
    </ClCompile>
    <ClCompile Include="SessionConfiguration.cpp">
      <Filter>Source Files</Filter>
    </ClCompile>
    <ClCompile Include="SessionMapCods.cpp">
      <Filter>Source Files</Filter>
    </ClCompile>
    <ClCompile Include="SessionSummary.cpp">
      <Filter>Source Files</Filter>
    </ClCompile>
    <ClCompile Include="SetupGateway.cpp">
      <Filter>Source Files</Filter>
    </ClCompile>
    <ClCompile Include="SocketTest.cpp">
      <Filter>Source Files</Filter>
    </ClCompile>
    <ClCompile Include="StdAfx.cpp">
      <Filter>Source Files</Filter>
    </ClCompile>
    <ClCompile Include="TX.cpp">
      <Filter>Source Files</Filter>
    </ClCompile>
    <ClCompile Include="UI.cpp">
      <Filter>Source Files</Filter>
    </ClCompile>
    <ClCompile Include="Utils.cpp">
      <Filter>Source Files</Filter>
    </ClCompile>
    <ClCompile Include="VTUI.cpp">
      <Filter>Source Files</Filter>
    </ClCompile>
  </ItemGroup>
  <ItemGroup>
    <ResourceCompile Include="FTTSP.rc">
      <Filter>Source Files</Filter>
    </ResourceCompile>
  </ItemGroup>
  <ItemGroup>
    <ClInclude Include="AboutDlg.h">
      <Filter>Header Files</Filter>
    </ClInclude>
    <ClInclude Include="Configuration.h">
      <Filter>Header Files</Filter>
    </ClInclude>
    <ClInclude Include="Debug.h">
      <Filter>Header Files</Filter>
    </ClInclude>
    <ClInclude Include="decl-32.h">
      <Filter>Header Files</Filter>
    </ClInclude>
    <ClInclude Include="DialogPassword.h">
      <Filter>Header Files</Filter>
    </ClInclude>
    <ClInclude Include="FTTSP.h">
      <Filter>Header Files</Filter>
    </ClInclude>
    <ClInclude Include="FTTSPCmdLineInfo.h">
      <Filter>Header Files</Filter>
    </ClInclude>
    <ClInclude Include="FTTSPDlg.h">
      <Filter>Header Files</Filter>
    </ClInclude>
    <ClInclude Include="FTTSPMainWindow.h">
      <Filter>Header Files</Filter>
    </ClInclude>
    <ClInclude Include="FTTSPVersion.h">
      <Filter>Header Files</Filter>
    </ClInclude>
    <ClInclude Include="GTUI.h">
      <Filter>Header Files</Filter>
    </ClInclude>
    <ClInclude Include="Handler.h">
      <Filter>Header Files</Filter>
    </ClInclude>
    <ClInclude Include="HandlerDll.h">
      <Filter>Header Files</Filter>
    </ClInclude>
    <ClInclude Include="HDUI.h">
      <Filter>Header Files</Filter>
    </ClInclude>
    <ClInclude Include="J800TX.h">
      <Filter>Header Files</Filter>
    </ClInclude>
    <ClInclude Include="LoadProgram.h">
      <Filter>Header Files</Filter>
    </ClInclude>
    <ClInclude Include="MapCod.h">
      <Filter>Header Files</Filter>
    </ClInclude>
    <ClInclude Include="Phoenix.h">
      <Filter>Header Files</Filter>
    </ClInclude>
    <ClInclude Include="PTUI.h">
      <Filter>Header Files</Filter>
    </ClInclude>
    <ClInclude Include="Resource.h">
      <Filter>Header Files</Filter>
    </ClInclude>
    <ClInclude Include="RTM.h">
      <Filter>Header Files</Filter>
    </ClInclude>
    <ClInclude Include="Session.h">
      <Filter>Header Files</Filter>
    </ClInclude>
    <ClInclude Include="SessionConfiguration.h">
      <Filter>Header Files</Filter>
    </ClInclude>
    <ClInclude Include="SessionMapCods.h">
      <Filter>Header Files</Filter>
    </ClInclude>
    <ClInclude Include="SessionSummary.h">
      <Filter>Header Files</Filter>
    </ClInclude>
    <ClInclude Include="SetupGateway.h">
      <Filter>Header Files</Filter>
    </ClInclude>
    <ClInclude Include="SocketTest.h">
      <Filter>Header Files</Filter>
    </ClInclude>
    <ClInclude Include="StdAfx.h">
      <Filter>Header Files</Filter>
    </ClInclude>
    <ClInclude Include="TX.h">
      <Filter>Header Files</Filter>
    </ClInclude>
    <ClInclude Include="UI.h">
      <Filter>Header Files</Filter>
    </ClInclude>
    <ClInclude Include="Utils.h">
      <Filter>Header Files</Filter>
    </ClInclude>
    <ClInclude Include="VTUI.h">
      <Filter>Header Files</Filter>
    </ClInclude>
  </ItemGroup>
  <ItemGroup>
    <Image Include="res\atmel_lo.bmp">
      <Filter>Resource Files</Filter>
    </Image>
    <Image Include="res\bitmap1.bmp">
      <Filter>Resource Files</Filter>
    </Image>
    <Image Include="res\FTTSP.ico">
      <Filter>Resource Files</Filter>
    </Image>
    <Image Include="res\ico00001.ico">
      <Filter>Resource Files</Filter>
    </Image>
    <Image Include="res\ico00002.ico">
      <Filter>Resource Files</Filter>
    </Image>
    <Image Include="res\icon1.ico">
      <Filter>Resource Files</Filter>
    </Image>
    <Image Include="res\icon5.ico">
      <Filter>Resource Files</Filter>
    </Image>
    <Image Include="res\idr_main.ico">
      <Filter>Resource Files</Filter>
    </Image>
    <Image Include="res\inside_l.bmp">
      <Filter>Resource Files</Filter>
    </Image>
    <Image Include="res\Letter-F.ico">
      <Filter>Resource Files</Filter>
    </Image>
    <Image Include="res\Logo_Inside.bmp">
      <Filter>Resource Files</Filter>
    </Image>
    <Image Include="res\memory-32.ico">
      <Filter>Resource Files</Filter>
    </Image>
    <Image Include="res\memory-64.ico">
      <Filter>Resource Files</Filter>
    </Image>
    <Image Include="res\memory-96.ico">
      <Filter>Resource Files</Filter>
    </Image>
    <Image Include="res\My_Comp2.ico">
      <Filter>Resource Files</Filter>
    </Image>
    <Image Include="res\SSQ_l.bmp">
      <Filter>Resource Files</Filter>
    </Image>
    <Image Include="res\SSQ_s.bmp">
      <Filter>Resource Files</Filter>
    </Image>
    <Image Include="res\speech-balloon-green-p.ico">
      <Filter>Resource Files</Filter>
    </Image>
    <Image Include="res\speech-balloon-orange-f.ico">
      <Filter>Resource Files</Filter>
    </Image>
    <Image Include="test.ico">
      <Filter>Resource Files</Filter>
    </Image>
  </ItemGroup>
  <ItemGroup>
    <Xml Include="manifest.xml" />
    <Xml Include="res\manifest.xml" />
  </ItemGroup>
  <ItemGroup>
    <Text Include="Modifications_List.txt" />
    <Text Include="ReadMe.txt" />
  </ItemGroup>
  <ItemGroup>
    <CustomBuild Include="res\FTTSP.rc2">
      <Filter>Resource Files</Filter>
    </CustomBuild>
  </ItemGroup>
</Project>