
Microsoft Visual Studio Solution File, Format Version 12.00
# Visual Studio 15
VisualStudioVersion = 15.0.33423.255
MinimumVisualStudioVersion = 10.0.40219.1
Project("{8BC9CEB8-8B4A-11D0-8D11-00A0C91BC942}") = "Aetrium_TTL", "Aetrium_TTL\Aetrium_TTL.vcxproj", "{BE4F50E2-C652-4DA4-BABB-92BA401680BE}"
EndProject
Project("{8BC9CEB8-8B4A-11D0-8D11-00A0C91BC942}") = "ElectroGlass", "ElectroGlass\ElectroGlass.vcxproj", "{B703DE1B-4067-4446-BEC9-AC0B254B527D}"
EndProject
Project("{8BC9CEB8-8B4A-11D0-8D11-00A0C91BC942}") = "FTTSP", "FTTSP.vcxproj", "{09FFAD66-F073-4924-8FC1-CF7060C3CA9A}"
EndProject
Project("{8BC9CEB8-8B4A-11D0-8D11-00A0C91BC942}") = "MT8501_GPIB", "MT8501_GPIB\MT8501_GPIB.vcxproj", "{6D304AC1-DE20-4747-957B-CD55554FE849}"
EndProject
Project("{8BC9CEB8-8B4A-11D0-8D11-00A0C91BC942}") = "ManualHandler", "ManualHandler\ManualHandler.vcxproj", "{2874AE4C-6266-4DCC-9039-D0A02EB16CBE}"
EndProject
Project("{8BC9CEB8-8B4A-11D0-8D11-00A0C91BC942}") = "QT_GPIB", "QT_GPIB\QT_GPIB.vcxproj", "{A2DC4D96-72D8-46B8-9452-8BD0276A0E49}"
EndProject
Project("{8BC9CEB8-8B4A-11D0-8D11-00A0C91BC942}") = "Rasco_SO1000_GPIB", "Rasco_SO1000_GPIB\Rasco_SO1000_GPIB.vcxproj", "{8AC8BC0F-3102-492E-96B1-705C400F34CD}"
EndProject
Project("{8BC9CEB8-8B4A-11D0-8D11-00A0C91BC942}") = "Rasco_SO1000_TTL", "Rasco_SO1000_TTL\Rasco_SO1000_TTL.vcxproj", "{3C7C8A36-A3C6-4860-98B9-0A24F1098E7C}"
EndProject
Project("{8BC9CEB8-8B4A-11D0-8D11-00A0C91BC942}") = "SeikoEpsonGPIB", "SeikoEpsonGPIB\SeikoEpsonGPIB.vcxproj", "{82106708-183F-485B-9EE0-1CD63CEB081A}"
EndProject
Project("{8BC9CEB8-8B4A-11D0-8D11-00A0C91BC942}") = "SynaxRFO4863GPIB", "SynaxRFO4863GPIB\SynaxRFO4863GPIB.vcxproj", "{BEBE27BC-13B2-4DD2-B29C-E5EBDA5889B5}"
EndProject
Project("{8BC9CEB8-8B4A-11D0-8D11-00A0C91BC942}") = "Tesec_3270IH_GPIB", "Tesec_3270IH_GPIB\Tesec_3270IH_GPIB.vcxproj", "{85499704-94D1-4EC7-B886-71E2CE24FA3F}"
EndProject
Project("{8BC9CEB8-8B4A-11D0-8D11-00A0C91BC942}") = "TestDll", "TestDll\TestDll.vcxproj", "{BF6F0AF9-D543-477F-9628-DD435AF43B48}"
EndProject
Project("{8BC9CEB8-8B4A-11D0-8D11-00A0C91BC942}") = "UTech_RS232", "UTech_RS232\UTech_RS232.vcxproj", "{B820FFC7-9C93-4858-98C9-966A34043D42}"
EndProject
Global
	GlobalSection(SolutionConfigurationPlatforms) = preSolution
		CmdLine Debug|x86 = CmdLine Debug|x86
		Debug|x86 = Debug|x86
		Release|x86 = Release|x86
		Template|x86 = Template|x86
	EndGlobalSection
	GlobalSection(ProjectConfigurationPlatforms) = postSolution
		{BE4F50E2-C652-4DA4-BABB-92BA401680BE}.CmdLine Debug|x86.ActiveCfg = Debug|Win32
		{BE4F50E2-C652-4DA4-BABB-92BA401680BE}.CmdLine Debug|x86.Build.0 = Debug|Win32
		{BE4F50E2-C652-4DA4-BABB-92BA401680BE}.Debug|x86.ActiveCfg = Debug|Win32
		{BE4F50E2-C652-4DA4-BABB-92BA401680BE}.Debug|x86.Build.0 = Debug|Win32
		{BE4F50E2-C652-4DA4-BABB-92BA401680BE}.Release|x86.ActiveCfg = Release|Win32
		{BE4F50E2-C652-4DA4-BABB-92BA401680BE}.Release|x86.Build.0 = Release|Win32
		{BE4F50E2-C652-4DA4-BABB-92BA401680BE}.Template|x86.ActiveCfg = Release|Win32
		{BE4F50E2-C652-4DA4-BABB-92BA401680BE}.Template|x86.Build.0 = Release|Win32
		{B703DE1B-4067-4446-BEC9-AC0B254B527D}.CmdLine Debug|x86.ActiveCfg = Debug|Win32
		{B703DE1B-4067-4446-BEC9-AC0B254B527D}.CmdLine Debug|x86.Build.0 = Debug|Win32
		{B703DE1B-4067-4446-BEC9-AC0B254B527D}.Debug|x86.ActiveCfg = Debug|Win32
		{B703DE1B-4067-4446-BEC9-AC0B254B527D}.Debug|x86.Build.0 = Debug|Win32
		{B703DE1B-4067-4446-BEC9-AC0B254B527D}.Release|x86.ActiveCfg = Template|Win32
		{B703DE1B-4067-4446-BEC9-AC0B254B527D}.Release|x86.Build.0 = Template|Win32
		{B703DE1B-4067-4446-BEC9-AC0B254B527D}.Template|x86.ActiveCfg = Template|Win32
		{B703DE1B-4067-4446-BEC9-AC0B254B527D}.Template|x86.Build.0 = Template|Win32
		{09FFAD66-F073-4924-8FC1-CF7060C3CA9A}.CmdLine Debug|x86.ActiveCfg = CmdLine Debug|Win32
		{09FFAD66-F073-4924-8FC1-CF7060C3CA9A}.CmdLine Debug|x86.Build.0 = CmdLine Debug|Win32
		{09FFAD66-F073-4924-8FC1-CF7060C3CA9A}.Debug|x86.ActiveCfg = Debug|Win32
		{09FFAD66-F073-4924-8FC1-CF7060C3CA9A}.Debug|x86.Build.0 = Debug|Win32
		{09FFAD66-F073-4924-8FC1-CF7060C3CA9A}.Release|x86.ActiveCfg = Release|Win32
		{09FFAD66-F073-4924-8FC1-CF7060C3CA9A}.Release|x86.Build.0 = Release|Win32
		{09FFAD66-F073-4924-8FC1-CF7060C3CA9A}.Template|x86.ActiveCfg = Template|Win32
		{09FFAD66-F073-4924-8FC1-CF7060C3CA9A}.Template|x86.Build.0 = Template|Win32
		{6D304AC1-DE20-4747-957B-CD55554FE849}.CmdLine Debug|x86.ActiveCfg = Debug|Win32
		{6D304AC1-DE20-4747-957B-CD55554FE849}.CmdLine Debug|x86.Build.0 = Debug|Win32
		{6D304AC1-DE20-4747-957B-CD55554FE849}.Debug|x86.ActiveCfg = Debug|Win32
		{6D304AC1-DE20-4747-957B-CD55554FE849}.Debug|x86.Build.0 = Debug|Win32
		{6D304AC1-DE20-4747-957B-CD55554FE849}.Release|x86.ActiveCfg = Release|Win32
		{6D304AC1-DE20-4747-957B-CD55554FE849}.Release|x86.Build.0 = Release|Win32
		{6D304AC1-DE20-4747-957B-CD55554FE849}.Template|x86.ActiveCfg = Template|Win32
		{6D304AC1-DE20-4747-957B-CD55554FE849}.Template|x86.Build.0 = Template|Win32
		{2874AE4C-6266-4DCC-9039-D0A02EB16CBE}.CmdLine Debug|x86.ActiveCfg = Debug|Win32
		{2874AE4C-6266-4DCC-9039-D0A02EB16CBE}.CmdLine Debug|x86.Build.0 = Debug|Win32
		{2874AE4C-6266-4DCC-9039-D0A02EB16CBE}.Debug|x86.ActiveCfg = Debug|Win32
		{2874AE4C-6266-4DCC-9039-D0A02EB16CBE}.Debug|x86.Build.0 = Debug|Win32
		{2874AE4C-6266-4DCC-9039-D0A02EB16CBE}.Release|x86.ActiveCfg = Release|Win32
		{2874AE4C-6266-4DCC-9039-D0A02EB16CBE}.Release|x86.Build.0 = Release|Win32
		{2874AE4C-6266-4DCC-9039-D0A02EB16CBE}.Template|x86.ActiveCfg = Template|Win32
		{2874AE4C-6266-4DCC-9039-D0A02EB16CBE}.Template|x86.Build.0 = Template|Win32
		{A2DC4D96-72D8-46B8-9452-8BD0276A0E49}.CmdLine Debug|x86.ActiveCfg = Debug|Win32
		{A2DC4D96-72D8-46B8-9452-8BD0276A0E49}.CmdLine Debug|x86.Build.0 = Debug|Win32
		{A2DC4D96-72D8-46B8-9452-8BD0276A0E49}.Debug|x86.ActiveCfg = Debug|Win32
		{A2DC4D96-72D8-46B8-9452-8BD0276A0E49}.Debug|x86.Build.0 = Debug|Win32
		{A2DC4D96-72D8-46B8-9452-8BD0276A0E49}.Release|x86.ActiveCfg = Release|Win32
		{A2DC4D96-72D8-46B8-9452-8BD0276A0E49}.Release|x86.Build.0 = Release|Win32
		{A2DC4D96-72D8-46B8-9452-8BD0276A0E49}.Template|x86.ActiveCfg = Template|Win32
		{A2DC4D96-72D8-46B8-9452-8BD0276A0E49}.Template|x86.Build.0 = Template|Win32
		{8AC8BC0F-3102-492E-96B1-705C400F34CD}.CmdLine Debug|x86.ActiveCfg = Debug|Win32
		{8AC8BC0F-3102-492E-96B1-705C400F34CD}.CmdLine Debug|x86.Build.0 = Debug|Win32
		{8AC8BC0F-3102-492E-96B1-705C400F34CD}.Debug|x86.ActiveCfg = Debug|Win32
		{8AC8BC0F-3102-492E-96B1-705C400F34CD}.Debug|x86.Build.0 = Debug|Win32
		{8AC8BC0F-3102-492E-96B1-705C400F34CD}.Release|x86.ActiveCfg = Release|Win32
		{8AC8BC0F-3102-492E-96B1-705C400F34CD}.Release|x86.Build.0 = Release|Win32
		{8AC8BC0F-3102-492E-96B1-705C400F34CD}.Template|x86.ActiveCfg = Template|Win32
		{8AC8BC0F-3102-492E-96B1-705C400F34CD}.Template|x86.Build.0 = Template|Win32
		{3C7C8A36-A3C6-4860-98B9-0A24F1098E7C}.CmdLine Debug|x86.ActiveCfg = Debug|Win32
		{3C7C8A36-A3C6-4860-98B9-0A24F1098E7C}.CmdLine Debug|x86.Build.0 = Debug|Win32
		{3C7C8A36-A3C6-4860-98B9-0A24F1098E7C}.Debug|x86.ActiveCfg = Debug|Win32
		{3C7C8A36-A3C6-4860-98B9-0A24F1098E7C}.Debug|x86.Build.0 = Debug|Win32
		{3C7C8A36-A3C6-4860-98B9-0A24F1098E7C}.Release|x86.ActiveCfg = Release|Win32
		{3C7C8A36-A3C6-4860-98B9-0A24F1098E7C}.Release|x86.Build.0 = Release|Win32
		{3C7C8A36-A3C6-4860-98B9-0A24F1098E7C}.Template|x86.ActiveCfg = Template|Win32
		{3C7C8A36-A3C6-4860-98B9-0A24F1098E7C}.Template|x86.Build.0 = Template|Win32
		{82106708-183F-485B-9EE0-1CD63CEB081A}.CmdLine Debug|x86.ActiveCfg = Debug|Win32
		{82106708-183F-485B-9EE0-1CD63CEB081A}.CmdLine Debug|x86.Build.0 = Debug|Win32
		{82106708-183F-485B-9EE0-1CD63CEB081A}.Debug|x86.ActiveCfg = Debug|Win32
		{82106708-183F-485B-9EE0-1CD63CEB081A}.Debug|x86.Build.0 = Debug|Win32
		{82106708-183F-485B-9EE0-1CD63CEB081A}.Release|x86.ActiveCfg = Template|Win32
		{82106708-183F-485B-9EE0-1CD63CEB081A}.Release|x86.Build.0 = Template|Win32
		{82106708-183F-485B-9EE0-1CD63CEB081A}.Template|x86.ActiveCfg = Template|Win32
		{82106708-183F-485B-9EE0-1CD63CEB081A}.Template|x86.Build.0 = Template|Win32
		{BEBE27BC-13B2-4DD2-B29C-E5EBDA5889B5}.CmdLine Debug|x86.ActiveCfg = Debug|Win32
		{BEBE27BC-13B2-4DD2-B29C-E5EBDA5889B5}.CmdLine Debug|x86.Build.0 = Debug|Win32
		{BEBE27BC-13B2-4DD2-B29C-E5EBDA5889B5}.Debug|x86.ActiveCfg = Debug|Win32
		{BEBE27BC-13B2-4DD2-B29C-E5EBDA5889B5}.Debug|x86.Build.0 = Debug|Win32
		{BEBE27BC-13B2-4DD2-B29C-E5EBDA5889B5}.Release|x86.ActiveCfg = Release|Win32
		{BEBE27BC-13B2-4DD2-B29C-E5EBDA5889B5}.Release|x86.Build.0 = Release|Win32
		{BEBE27BC-13B2-4DD2-B29C-E5EBDA5889B5}.Template|x86.ActiveCfg = Template|Win32
		{BEBE27BC-13B2-4DD2-B29C-E5EBDA5889B5}.Template|x86.Build.0 = Template|Win32
		{85499704-94D1-4EC7-B886-71E2CE24FA3F}.CmdLine Debug|x86.ActiveCfg = Debug|Win32
		{85499704-94D1-4EC7-B886-71E2CE24FA3F}.CmdLine Debug|x86.Build.0 = Debug|Win32
		{85499704-94D1-4EC7-B886-71E2CE24FA3F}.Debug|x86.ActiveCfg = Debug|Win32
		{85499704-94D1-4EC7-B886-71E2CE24FA3F}.Debug|x86.Build.0 = Debug|Win32
		{85499704-94D1-4EC7-B886-71E2CE24FA3F}.Release|x86.ActiveCfg = Release|Win32
		{85499704-94D1-4EC7-B886-71E2CE24FA3F}.Release|x86.Build.0 = Release|Win32
		{85499704-94D1-4EC7-B886-71E2CE24FA3F}.Template|x86.ActiveCfg = Template|Win32
		{85499704-94D1-4EC7-B886-71E2CE24FA3F}.Template|x86.Build.0 = Template|Win32
		{BF6F0AF9-D543-477F-9628-DD435AF43B48}.CmdLine Debug|x86.ActiveCfg = Debug|Win32
		{BF6F0AF9-D543-477F-9628-DD435AF43B48}.CmdLine Debug|x86.Build.0 = Debug|Win32
		{BF6F0AF9-D543-477F-9628-DD435AF43B48}.Debug|x86.ActiveCfg = Debug|Win32
		{BF6F0AF9-D543-477F-9628-DD435AF43B48}.Debug|x86.Build.0 = Debug|Win32
		{BF6F0AF9-D543-477F-9628-DD435AF43B48}.Release|x86.ActiveCfg = Release|Win32
		{BF6F0AF9-D543-477F-9628-DD435AF43B48}.Release|x86.Build.0 = Release|Win32
		{BF6F0AF9-D543-477F-9628-DD435AF43B48}.Template|x86.ActiveCfg = Template|Win32
		{BF6F0AF9-D543-477F-9628-DD435AF43B48}.Template|x86.Build.0 = Template|Win32
		{B820FFC7-9C93-4858-98C9-966A34043D42}.CmdLine Debug|x86.ActiveCfg = Debug|Win32
		{B820FFC7-9C93-4858-98C9-966A34043D42}.CmdLine Debug|x86.Build.0 = Debug|Win32
		{B820FFC7-9C93-4858-98C9-966A34043D42}.Debug|x86.ActiveCfg = Debug|Win32
		{B820FFC7-9C93-4858-98C9-966A34043D42}.Debug|x86.Build.0 = Debug|Win32
		{B820FFC7-9C93-4858-98C9-966A34043D42}.Release|x86.ActiveCfg = Release|Win32
		{B820FFC7-9C93-4858-98C9-966A34043D42}.Release|x86.Build.0 = Release|Win32
		{B820FFC7-9C93-4858-98C9-966A34043D42}.Template|x86.ActiveCfg = Template|Win32
		{B820FFC7-9C93-4858-98C9-966A34043D42}.Template|x86.Build.0 = Template|Win32
	EndGlobalSection
	GlobalSection(SolutionProperties) = preSolution
		HideSolutionNode = FALSE
	EndGlobalSection
	GlobalSection(ExtensibilityGlobals) = postSolution
		SolutionGuid = {28B97F80-FA03-4F76-AF3C-C6A19C387E5D}
	EndGlobalSection
EndGlobal
