
Microsoft Visual Studio Solution File, Format Version 12.00
# Visual Studio 15
VisualStudioVersion = 15.0.33423.255
MinimumVisualStudioVersion = 10.0.40219.1
Project("{8BC9CEB8-8B4A-11D0-8D11-00A0C91BC942}") = "Aetrium_TTL", "Aetrium_TTL\Aetrium_TTL.vcxproj", "{69AF4294-E32F-43D7-B861-29F3459583A1}"
EndProject
Project("{8BC9CEB8-8B4A-11D0-8D11-00A0C91BC942}") = "ElectroGlass", "ElectroGlass\ElectroGlass.vcxproj", "{B9E2C5A1-0573-46E9-AD2E-C10EBF92022D}"
EndProject
Project("{8BC9CEB8-8B4A-11D0-8D11-00A0C91BC942}") = "FTTSP", "FTTSP.vcxproj", "{9BACE4E3-13E4-4D97-A600-93197F58DBCA}"
EndProject
Project("{8BC9CEB8-8B4A-11D0-8D11-00A0C91BC942}") = "MT8501_GPIB", "MT8501_GPIB\MT8501_GPIB.vcxproj", "{B30A1AA3-9429-4E91-809D-A929257CE84B}"
EndProject
Project("{8BC9CEB8-8B4A-11D0-8D11-00A0C91BC942}") = "ManualHandler", "ManualHandler\ManualHandler.vcxproj", "{83D34266-7580-4AEA-B56C-F7AF258CD63A}"
EndProject
Project("{8BC9CEB8-8B4A-11D0-8D11-00A0C91BC942}") = "QT_GPIB", "QT_GPIB\QT_GPIB.vcxproj", "{5A4EA9E4-02E3-45FD-88F4-C37881EB9FC0}"
EndProject
Project("{8BC9CEB8-8B4A-11D0-8D11-00A0C91BC942}") = "Rasco_SO1000_GPIB", "Rasco_SO1000_GPIB\Rasco_SO1000_GPIB.vcxproj", "{7A8413BE-7AFF-4A3E-B5B3-48C9A060AB08}"
EndProject
Project("{8BC9CEB8-8B4A-11D0-8D11-00A0C91BC942}") = "Rasco_SO1000_TTL", "Rasco_SO1000_TTL\Rasco_SO1000_TTL.vcxproj", "{40645405-9DF6-47B0-9BB6-B0BA029F4AB9}"
EndProject
Project("{8BC9CEB8-8B4A-11D0-8D11-00A0C91BC942}") = "SeikoEpsonGPIB", "SeikoEpsonGPIB\SeikoEpsonGPIB.vcxproj", "{B98C860B-CD7E-4C39-AAA1-623CFA90B96A}"
EndProject
Project("{8BC9CEB8-8B4A-11D0-8D11-00A0C91BC942}") = "SynaxRFO4863GPIB", "SynaxRFO4863GPIB\SynaxRFO4863GPIB.vcxproj", "{A63E778C-12E8-4B4A-904B-29EF28C30478}"
EndProject
Project("{8BC9CEB8-8B4A-11D0-8D11-00A0C91BC942}") = "Tesec_3270IH_GPIB", "Tesec_3270IH_GPIB\Tesec_3270IH_GPIB.vcxproj", "{E222F103-5693-47C4-8054-04749E3F94DA}"
EndProject
Project("{8BC9CEB8-8B4A-11D0-8D11-00A0C91BC942}") = "TestDll", "TestDll\TestDll.vcxproj", "{44002208-A3B0-4337-9733-3AC488449273}"
EndProject
Project("{8BC9CEB8-8B4A-11D0-8D11-00A0C91BC942}") = "UTech_RS232", "UTech_RS232\UTech_RS232.vcxproj", "{7E5F10A1-E99D-48E3-AEA9-892DD8600B2B}"
EndProject
Global
	GlobalSection(SolutionConfigurationPlatforms) = preSolution
		CmdLine Debug|x86 = CmdLine Debug|x86
		Debug|x86 = Debug|x86
		Release|x86 = Release|x86
		Template|x86 = Template|x86
	EndGlobalSection
	GlobalSection(ProjectConfigurationPlatforms) = postSolution
		{69AF4294-E32F-43D7-B861-29F3459583A1}.CmdLine Debug|x86.ActiveCfg = Debug|Win32
		{69AF4294-E32F-43D7-B861-29F3459583A1}.CmdLine Debug|x86.Build.0 = Debug|Win32
		{69AF4294-E32F-43D7-B861-29F3459583A1}.Debug|x86.ActiveCfg = Debug|Win32
		{69AF4294-E32F-43D7-B861-29F3459583A1}.Debug|x86.Build.0 = Debug|Win32
		{69AF4294-E32F-43D7-B861-29F3459583A1}.Release|x86.ActiveCfg = Release|Win32
		{69AF4294-E32F-43D7-B861-29F3459583A1}.Release|x86.Build.0 = Release|Win32
		{69AF4294-E32F-43D7-B861-29F3459583A1}.Template|x86.ActiveCfg = Release|Win32
		{69AF4294-E32F-43D7-B861-29F3459583A1}.Template|x86.Build.0 = Release|Win32
		{B9E2C5A1-0573-46E9-AD2E-C10EBF92022D}.CmdLine Debug|x86.ActiveCfg = Debug|Win32
		{B9E2C5A1-0573-46E9-AD2E-C10EBF92022D}.CmdLine Debug|x86.Build.0 = Debug|Win32
		{B9E2C5A1-0573-46E9-AD2E-C10EBF92022D}.Debug|x86.ActiveCfg = Debug|Win32
		{B9E2C5A1-0573-46E9-AD2E-C10EBF92022D}.Debug|x86.Build.0 = Debug|Win32
		{B9E2C5A1-0573-46E9-AD2E-C10EBF92022D}.Release|x86.ActiveCfg = Template|Win32
		{B9E2C5A1-0573-46E9-AD2E-C10EBF92022D}.Release|x86.Build.0 = Template|Win32
		{B9E2C5A1-0573-46E9-AD2E-C10EBF92022D}.Template|x86.ActiveCfg = Template|Win32
		{B9E2C5A1-0573-46E9-AD2E-C10EBF92022D}.Template|x86.Build.0 = Template|Win32
		{9BACE4E3-13E4-4D97-A600-93197F58DBCA}.CmdLine Debug|x86.ActiveCfg = CmdLine Debug|Win32
		{9BACE4E3-13E4-4D97-A600-93197F58DBCA}.CmdLine Debug|x86.Build.0 = CmdLine Debug|Win32
		{9BACE4E3-13E4-4D97-A600-93197F58DBCA}.Debug|x86.ActiveCfg = Debug|Win32
		{9BACE4E3-13E4-4D97-A600-93197F58DBCA}.Debug|x86.Build.0 = Debug|Win32
		{9BACE4E3-13E4-4D97-A600-93197F58DBCA}.Release|x86.ActiveCfg = Release|Win32
		{9BACE4E3-13E4-4D97-A600-93197F58DBCA}.Release|x86.Build.0 = Release|Win32
		{9BACE4E3-13E4-4D97-A600-93197F58DBCA}.Template|x86.ActiveCfg = Template|Win32
		{9BACE4E3-13E4-4D97-A600-93197F58DBCA}.Template|x86.Build.0 = Template|Win32
		{B30A1AA3-9429-4E91-809D-A929257CE84B}.CmdLine Debug|x86.ActiveCfg = Debug|Win32
		{B30A1AA3-9429-4E91-809D-A929257CE84B}.CmdLine Debug|x86.Build.0 = Debug|Win32
		{B30A1AA3-9429-4E91-809D-A929257CE84B}.Debug|x86.ActiveCfg = Debug|Win32
		{B30A1AA3-9429-4E91-809D-A929257CE84B}.Debug|x86.Build.0 = Debug|Win32
		{B30A1AA3-9429-4E91-809D-A929257CE84B}.Release|x86.ActiveCfg = Release|Win32
		{B30A1AA3-9429-4E91-809D-A929257CE84B}.Release|x86.Build.0 = Release|Win32
		{B30A1AA3-9429-4E91-809D-A929257CE84B}.Template|x86.ActiveCfg = Template|Win32
		{B30A1AA3-9429-4E91-809D-A929257CE84B}.Template|x86.Build.0 = Template|Win32
		{83D34266-7580-4AEA-B56C-F7AF258CD63A}.CmdLine Debug|x86.ActiveCfg = Debug|Win32
		{83D34266-7580-4AEA-B56C-F7AF258CD63A}.CmdLine Debug|x86.Build.0 = Debug|Win32
		{83D34266-7580-4AEA-B56C-F7AF258CD63A}.Debug|x86.ActiveCfg = Debug|Win32
		{83D34266-7580-4AEA-B56C-F7AF258CD63A}.Debug|x86.Build.0 = Debug|Win32
		{83D34266-7580-4AEA-B56C-F7AF258CD63A}.Release|x86.ActiveCfg = Release|Win32
		{83D34266-7580-4AEA-B56C-F7AF258CD63A}.Release|x86.Build.0 = Release|Win32
		{83D34266-7580-4AEA-B56C-F7AF258CD63A}.Template|x86.ActiveCfg = Template|Win32
		{83D34266-7580-4AEA-B56C-F7AF258CD63A}.Template|x86.Build.0 = Template|Win32
		{5A4EA9E4-02E3-45FD-88F4-C37881EB9FC0}.CmdLine Debug|x86.ActiveCfg = Debug|Win32
		{5A4EA9E4-02E3-45FD-88F4-C37881EB9FC0}.CmdLine Debug|x86.Build.0 = Debug|Win32
		{5A4EA9E4-02E3-45FD-88F4-C37881EB9FC0}.Debug|x86.ActiveCfg = Debug|Win32
		{5A4EA9E4-02E3-45FD-88F4-C37881EB9FC0}.Debug|x86.Build.0 = Debug|Win32
		{5A4EA9E4-02E3-45FD-88F4-C37881EB9FC0}.Release|x86.ActiveCfg = Release|Win32
		{5A4EA9E4-02E3-45FD-88F4-C37881EB9FC0}.Release|x86.Build.0 = Release|Win32
		{5A4EA9E4-02E3-45FD-88F4-C37881EB9FC0}.Template|x86.ActiveCfg = Template|Win32
		{5A4EA9E4-02E3-45FD-88F4-C37881EB9FC0}.Template|x86.Build.0 = Template|Win32
		{7A8413BE-7AFF-4A3E-B5B3-48C9A060AB08}.CmdLine Debug|x86.ActiveCfg = Debug|Win32
		{7A8413BE-7AFF-4A3E-B5B3-48C9A060AB08}.CmdLine Debug|x86.Build.0 = Debug|Win32
		{7A8413BE-7AFF-4A3E-B5B3-48C9A060AB08}.Debug|x86.ActiveCfg = Debug|Win32
		{7A8413BE-7AFF-4A3E-B5B3-48C9A060AB08}.Debug|x86.Build.0 = Debug|Win32
		{7A8413BE-7AFF-4A3E-B5B3-48C9A060AB08}.Release|x86.ActiveCfg = Release|Win32
		{7A8413BE-7AFF-4A3E-B5B3-48C9A060AB08}.Release|x86.Build.0 = Release|Win32
		{7A8413BE-7AFF-4A3E-B5B3-48C9A060AB08}.Template|x86.ActiveCfg = Template|Win32
		{7A8413BE-7AFF-4A3E-B5B3-48C9A060AB08}.Template|x86.Build.0 = Template|Win32
		{40645405-9DF6-47B0-9BB6-B0BA029F4AB9}.CmdLine Debug|x86.ActiveCfg = Debug|Win32
		{40645405-9DF6-47B0-9BB6-B0BA029F4AB9}.CmdLine Debug|x86.Build.0 = Debug|Win32
		{40645405-9DF6-47B0-9BB6-B0BA029F4AB9}.Debug|x86.ActiveCfg = Debug|Win32
		{40645405-9DF6-47B0-9BB6-B0BA029F4AB9}.Debug|x86.Build.0 = Debug|Win32
		{40645405-9DF6-47B0-9BB6-B0BA029F4AB9}.Release|x86.ActiveCfg = Release|Win32
		{40645405-9DF6-47B0-9BB6-B0BA029F4AB9}.Release|x86.Build.0 = Release|Win32
		{40645405-9DF6-47B0-9BB6-B0BA029F4AB9}.Template|x86.ActiveCfg = Template|Win32
		{40645405-9DF6-47B0-9BB6-B0BA029F4AB9}.Template|x86.Build.0 = Template|Win32
		{B98C860B-CD7E-4C39-AAA1-623CFA90B96A}.CmdLine Debug|x86.ActiveCfg = Debug|Win32
		{B98C860B-CD7E-4C39-AAA1-623CFA90B96A}.CmdLine Debug|x86.Build.0 = Debug|Win32
		{B98C860B-CD7E-4C39-AAA1-623CFA90B96A}.Debug|x86.ActiveCfg = Debug|Win32
		{B98C860B-CD7E-4C39-AAA1-623CFA90B96A}.Debug|x86.Build.0 = Debug|Win32
		{B98C860B-CD7E-4C39-AAA1-623CFA90B96A}.Release|x86.ActiveCfg = Template|Win32
		{B98C860B-CD7E-4C39-AAA1-623CFA90B96A}.Release|x86.Build.0 = Template|Win32
		{B98C860B-CD7E-4C39-AAA1-623CFA90B96A}.Template|x86.ActiveCfg = Template|Win32
		{B98C860B-CD7E-4C39-AAA1-623CFA90B96A}.Template|x86.Build.0 = Template|Win32
		{A63E778C-12E8-4B4A-904B-29EF28C30478}.CmdLine Debug|x86.ActiveCfg = Debug|Win32
		{A63E778C-12E8-4B4A-904B-29EF28C30478}.CmdLine Debug|x86.Build.0 = Debug|Win32
		{A63E778C-12E8-4B4A-904B-29EF28C30478}.Debug|x86.ActiveCfg = Debug|Win32
		{A63E778C-12E8-4B4A-904B-29EF28C30478}.Debug|x86.Build.0 = Debug|Win32
		{A63E778C-12E8-4B4A-904B-29EF28C30478}.Release|x86.ActiveCfg = Release|Win32
		{A63E778C-12E8-4B4A-904B-29EF28C30478}.Release|x86.Build.0 = Release|Win32
		{A63E778C-12E8-4B4A-904B-29EF28C30478}.Template|x86.ActiveCfg = Template|Win32
		{A63E778C-12E8-4B4A-904B-29EF28C30478}.Template|x86.Build.0 = Template|Win32
		{E222F103-5693-47C4-8054-04749E3F94DA}.CmdLine Debug|x86.ActiveCfg = Debug|Win32
		{E222F103-5693-47C4-8054-04749E3F94DA}.CmdLine Debug|x86.Build.0 = Debug|Win32
		{E222F103-5693-47C4-8054-04749E3F94DA}.Debug|x86.ActiveCfg = Debug|Win32
		{E222F103-5693-47C4-8054-04749E3F94DA}.Debug|x86.Build.0 = Debug|Win32
		{E222F103-5693-47C4-8054-04749E3F94DA}.Release|x86.ActiveCfg = Release|Win32
		{E222F103-5693-47C4-8054-04749E3F94DA}.Release|x86.Build.0 = Release|Win32
		{E222F103-5693-47C4-8054-04749E3F94DA}.Template|x86.ActiveCfg = Template|Win32
		{E222F103-5693-47C4-8054-04749E3F94DA}.Template|x86.Build.0 = Template|Win32
		{44002208-A3B0-4337-9733-3AC488449273}.CmdLine Debug|x86.ActiveCfg = Debug|Win32
		{44002208-A3B0-4337-9733-3AC488449273}.CmdLine Debug|x86.Build.0 = Debug|Win32
		{44002208-A3B0-4337-9733-3AC488449273}.Debug|x86.ActiveCfg = Debug|Win32
		{44002208-A3B0-4337-9733-3AC488449273}.Debug|x86.Build.0 = Debug|Win32
		{44002208-A3B0-4337-9733-3AC488449273}.Release|x86.ActiveCfg = Release|Win32
		{44002208-A3B0-4337-9733-3AC488449273}.Release|x86.Build.0 = Release|Win32
		{44002208-A3B0-4337-9733-3AC488449273}.Template|x86.ActiveCfg = Template|Win32
		{44002208-A3B0-4337-9733-3AC488449273}.Template|x86.Build.0 = Template|Win32
		{7E5F10A1-E99D-48E3-AEA9-892DD8600B2B}.CmdLine Debug|x86.ActiveCfg = Debug|Win32
		{7E5F10A1-E99D-48E3-AEA9-892DD8600B2B}.CmdLine Debug|x86.Build.0 = Debug|Win32
		{7E5F10A1-E99D-48E3-AEA9-892DD8600B2B}.Debug|x86.ActiveCfg = Debug|Win32
		{7E5F10A1-E99D-48E3-AEA9-892DD8600B2B}.Debug|x86.Build.0 = Debug|Win32
		{7E5F10A1-E99D-48E3-AEA9-892DD8600B2B}.Release|x86.ActiveCfg = Release|Win32
		{7E5F10A1-E99D-48E3-AEA9-892DD8600B2B}.Release|x86.Build.0 = Release|Win32
		{7E5F10A1-E99D-48E3-AEA9-892DD8600B2B}.Template|x86.ActiveCfg = Template|Win32
		{7E5F10A1-E99D-48E3-AEA9-892DD8600B2B}.Template|x86.Build.0 = Template|Win32
	EndGlobalSection
	GlobalSection(SolutionProperties) = preSolution
		HideSolutionNode = FALSE
	EndGlobalSection
	GlobalSection(ExtensibilityGlobals) = postSolution
		SolutionGuid = {0C31541C-F8BC-4F35-A304-C3D8278F700B}
	EndGlobalSection
EndGlobal
