<?xml version="1.0" encoding="utf-8"?>
<Project ToolsVersion="4.0" xmlns="http://schemas.microsoft.com/developer/msbuild/2003">
  <ItemGroup>
    <Filter Include="Source Files">
      <UniqueIdentifier>{1c8ebf8a-ed61-48e3-87aa-e54db07d691c}</UniqueIdentifier>
      <Extensions>cpp;c;cxx;rc;def;r;odl;idl;hpj;bat</Extensions>
    </Filter>
    <Filter Include="Header Files">
      <UniqueIdentifier>{b315fe40-bb8a-42a7-8a1c-cb549ddc8057}</UniqueIdentifier>
      <Extensions>h;hpp;hxx;hm;inl</Extensions>
    </Filter>
    <Filter Include="Resource Files">
      <UniqueIdentifier>{6badf2c3-4c6f-4ca9-8bfd-71bc1d33a760}</UniqueIdentifier>
      <Extensions>ico;cur;bmp;dlg;rc2;rct;bin;rgs;gif;jpg;jpeg;jpe</Extensions>
    </Filter>
  </ItemGroup>
  <ItemGroup>
    <ClCompile Include="Tesec_3270IH_GPIB.cpp">
      <Filter>Source Files</Filter>
    </ClCompile>
  </ItemGroup>
  <ItemGroup>
    <Text Include="Modifications_List.txt" />
  </ItemGroup>
  <ItemGroup>
    <Object Include="..\Gpib-32.obj" />
  </ItemGroup>
  <ItemGroup>
    <CustomBuild Include="Tesec_3270IH_GPIB.def">
      <Filter>Source Files</Filter>
    </CustomBuild>
  </ItemGroup>
</Project>